{
  "pins" : [
    {
      "identity" : "customcomponentssdk",
      "kind" : "remoteSourceControl",
      "location" : "https://github.com/alecomparini-dev/CustomComponentsSDK.git",
      "state" : {
        "branch" : "develop",
        "revision" : "aaa1cbe14face62a92e5354ed8092b37c064e3bc"
      }
    }
  ],
  "version" : 2
}
