{
  "pins" : [
    {
      "identity" : "customcomponentssdk",
      "kind" : "remoteSourceControl",
      "location" : "https://github.com/alecomparini-dev/CustomComponentsSDK.git",
      "state" : {
        "branch" : "develop",
        "revision" : "b6ee0326365231cacd83aaec1997f44202422bee"
      }
    }
  ],
  "version" : 2
}
