{
  "originHash" : "599b3eacda38963dc073ebbc14cce4e818f57b173e66ab910ca86f3f5c17f206",
  "pins" : [
    {
      "identity" : "customcomponentssdk",
      "kind" : "remoteSourceControl",
      "location" : "https://github.com/alecomparini-dev/CustomComponentsSDK.git",
      "state" : {
        "branch" : "feature/03-19/shadow",
        "revision" : "119d53213f47c31240d927a3674f9fd15fe5f81e"
      }
    }
  ],
  "version" : 3
}
